
Microsoft Visual Studio Solution File, Format Version 12.00
# Visual Studio Version 17
VisualStudioVersion = 17.11.35327.3
MinimumVisualStudioVersion = 10.0.40219.1
Project("{FAE04EC0-301F-11D3-BF4B-00C04F79EFBC}") = "Domotica", "Domotica\Domotica.csproj", "{54D0CCED-E223-4B5E-8100-881253195916}"
EndProject
Project("{FAE04EC0-301F-11D3-BF4B-00C04F79EFBC}") = "UnitTestDomotica", "UnitTestDomotica\UnitTestDomotica.csproj", "{23ED049D-C3BC-45A3-A72D-46E56CCB27B3}"
EndProject
Global
	GlobalSection(SolutionConfigurationPlatforms) = preSolution
		Debug|Any CPU = Debug|Any CPU
		Release|Any CPU = Release|Any CPU
	EndGlobalSection
	GlobalSection(ProjectConfigurationPlatforms) = postSolution
		{54D0CCED-E223-4B5E-8100-881253195916}.Debug|Any CPU.ActiveCfg = Debug|Any CPU
		{54D0CCED-E223-4B5E-8100-881253195916}.Debug|Any CPU.Build.0 = Debug|Any CPU
		{54D0CCED-E223-4B5E-8100-881253195916}.Release|Any CPU.ActiveCfg = Release|Any CPU
		{54D0CCED-E223-4B5E-8100-881253195916}.Release|Any CPU.Build.0 = Release|Any CPU
		{23ED049D-C3BC-45A3-A72D-46E56CCB27B3}.Debug|Any CPU.ActiveCfg = Debug|Any CPU
		{23ED049D-C3BC-45A3-A72D-46E56CCB27B3}.Debug|Any CPU.Build.0 = Debug|Any CPU
		{23ED049D-C3BC-45A3-A72D-46E56CCB27B3}.Release|Any CPU.ActiveCfg = Release|Any CPU
		{23ED049D-C3BC-45A3-A72D-46E56CCB27B3}.Release|Any CPU.Build.0 = Release|Any CPU
	EndGlobalSection
	GlobalSection(SolutionProperties) = preSolution
		HideSolutionNode = FALSE
	EndGlobalSection
	GlobalSection(ExtensibilityGlobals) = postSolution
		SolutionGuid = {EB0DB208-5446-4203-94C7-D5F37B3461A4}
	EndGlobalSection
EndGlobal
