
Microsoft Visual Studio Solution File, Format Version 12.00
# Visual Studio Version 17
VisualStudioVersion = 17.11.35312.102
MinimumVisualStudioVersion = 10.0.40219.1
Project("{FAE04EC0-301F-11D3-BF4B-00C04F79EFBC}") = "Calculadora", "Calculadora\Calculadora.csproj", "{55ACD777-16AD-409F-A8F3-29D42723F456}"
EndProject
Global
	GlobalSection(SolutionConfigurationPlatforms) = preSolution
		Debug|Any CPU = Debug|Any CPU
		Release|Any CPU = Release|Any CPU
	EndGlobalSection
	GlobalSection(ProjectConfigurationPlatforms) = postSolution
		{55ACD777-16AD-409F-A8F3-29D42723F456}.Debug|Any CPU.ActiveCfg = Debug|Any CPU
		{55ACD777-16AD-409F-A8F3-29D42723F456}.Debug|Any CPU.Build.0 = Debug|Any CPU
		{55ACD777-16AD-409F-A8F3-29D42723F456}.Release|Any CPU.ActiveCfg = Release|Any CPU
		{55ACD777-16AD-409F-A8F3-29D42723F456}.Release|Any CPU.Build.0 = Release|Any CPU
	EndGlobalSection
	GlobalSection(SolutionProperties) = preSolution
		HideSolutionNode = FALSE
	EndGlobalSection
	GlobalSection(ExtensibilityGlobals) = postSolution
		SolutionGuid = {61330823-28B5-482B-B951-67CF256D13D7}
	EndGlobalSection
EndGlobal
